
Microsoft Visual Studio Solution File, Format Version 12.00
# Visual Studio Version 17
VisualStudioVersion = 17.7.34009.444
MinimumVisualStudioVersion = 10.0.40219.1
Project("{FAE04EC0-301F-11D3-BF4B-00C04F79EFBC}") = "101-p1-2", "101-p1-2\101-p1-2.csproj", "{7B4D23AE-CA57-4B96-8115-D0C15CD5BD6D}"
EndProject
Global
	GlobalSection(SolutionConfigurationPlatforms) = preSolution
		Debug|Any CPU = Debug|Any CPU
		Release|Any CPU = Release|Any CPU
	EndGlobalSection
	GlobalSection(ProjectConfigurationPlatforms) = postSolution
		{7B4D23AE-CA57-4B96-8115-D0C15CD5BD6D}.Debug|Any CPU.ActiveCfg = Debug|Any CPU
		{7B4D23AE-CA57-4B96-8115-D0C15CD5BD6D}.Debug|Any CPU.Build.0 = Debug|Any CPU
		{7B4D23AE-CA57-4B96-8115-D0C15CD5BD6D}.Release|Any CPU.ActiveCfg = Release|Any CPU
		{7B4D23AE-CA57-4B96-8115-D0C15CD5BD6D}.Release|Any CPU.Build.0 = Release|Any CPU
	EndGlobalSection
	GlobalSection(SolutionProperties) = preSolution
		HideSolutionNode = FALSE
	EndGlobalSection
	GlobalSection(ExtensibilityGlobals) = postSolution
		SolutionGuid = {D2AE6394-40E1-4DCC-99EF-9BBA8FE9CC4E}
	EndGlobalSection
EndGlobal
