
Microsoft Visual Studio Solution File, Format Version 12.00
# Visual Studio Version 17
VisualStudioVersion = 17.7.34009.444
MinimumVisualStudioVersion = 10.0.40219.1
Project("{9A19103F-16F7-4668-BE54-9A1E7A4F7556}") = "100-p1-2", "100-p1-2\100-p1-2.csproj", "{F7CCF141-D7E5-4E8B-9FA5-B5F4173D972C}"
EndProject
Global
	GlobalSection(SolutionConfigurationPlatforms) = preSolution
		Debug|Any CPU = Debug|Any CPU
		Release|Any CPU = Release|Any CPU
	EndGlobalSection
	GlobalSection(ProjectConfigurationPlatforms) = postSolution
		{F7CCF141-D7E5-4E8B-9FA5-B5F4173D972C}.Debug|Any CPU.ActiveCfg = Debug|Any CPU
		{F7CCF141-D7E5-4E8B-9FA5-B5F4173D972C}.Debug|Any CPU.Build.0 = Debug|Any CPU
		{F7CCF141-D7E5-4E8B-9FA5-B5F4173D972C}.Release|Any CPU.ActiveCfg = Release|Any CPU
		{F7CCF141-D7E5-4E8B-9FA5-B5F4173D972C}.Release|Any CPU.Build.0 = Release|Any CPU
	EndGlobalSection
	GlobalSection(SolutionProperties) = preSolution
		HideSolutionNode = FALSE
	EndGlobalSection
	GlobalSection(ExtensibilityGlobals) = postSolution
		SolutionGuid = {042BED9B-008B-48D4-B9D9-AD08AE0AF543}
	EndGlobalSection
EndGlobal
