
Microsoft Visual Studio Solution File, Format Version 12.00
# Visual Studio Version 17
VisualStudioVersion = 17.7.34221.43
MinimumVisualStudioVersion = 10.0.40219.1
Project("{FAE04EC0-301F-11D3-BF4B-00C04F79EFBC}") = "Session3", "Session3\Session3.csproj", "{84AD8787-CD9E-40C4-AD79-630174377C44}"
EndProject
Project("{FAE04EC0-301F-11D3-BF4B-00C04F79EFBC}") = "Session3UnitTestProject", "Session3UnitTestProject\Session3UnitTestProject.csproj", "{D43C7CED-CE05-4C78-A9AF-929B4413149B}"
EndProject
Global
	GlobalSection(SolutionConfigurationPlatforms) = preSolution
		Debug|Any CPU = Debug|Any CPU
		Release|Any CPU = Release|Any CPU
	EndGlobalSection
	GlobalSection(ProjectConfigurationPlatforms) = postSolution
		{84AD8787-CD9E-40C4-AD79-630174377C44}.Debug|Any CPU.ActiveCfg = Debug|Any CPU
		{84AD8787-CD9E-40C4-AD79-630174377C44}.Debug|Any CPU.Build.0 = Debug|Any CPU
		{84AD8787-CD9E-40C4-AD79-630174377C44}.Release|Any CPU.ActiveCfg = Release|Any CPU
		{84AD8787-CD9E-40C4-AD79-630174377C44}.Release|Any CPU.Build.0 = Release|Any CPU
		{D43C7CED-CE05-4C78-A9AF-929B4413149B}.Debug|Any CPU.ActiveCfg = Debug|Any CPU
		{D43C7CED-CE05-4C78-A9AF-929B4413149B}.Debug|Any CPU.Build.0 = Debug|Any CPU
		{D43C7CED-CE05-4C78-A9AF-929B4413149B}.Release|Any CPU.ActiveCfg = Release|Any CPU
		{D43C7CED-CE05-4C78-A9AF-929B4413149B}.Release|Any CPU.Build.0 = Release|Any CPU
	EndGlobalSection
	GlobalSection(SolutionProperties) = preSolution
		HideSolutionNode = FALSE
	EndGlobalSection
	GlobalSection(ExtensibilityGlobals) = postSolution
		SolutionGuid = {0CCA0177-6A5A-4CE3-8225-0494EACACC66}
	EndGlobalSection
EndGlobal
