
Microsoft Visual Studio Solution File, Format Version 12.00
# Visual Studio Version 17
VisualStudioVersion = 17.7.34031.279
MinimumVisualStudioVersion = 10.0.40219.1
Project("{FAE04EC0-301F-11D3-BF4B-00C04F79EFBC}") = "Sessopn3", "Sessopn3\Sessopn3.csproj", "{F9BFA0E3-94D1-4E8F-9060-A7E981FB7365}"
EndProject
Project("{FAE04EC0-301F-11D3-BF4B-00C04F79EFBC}") = "UnitTestProject1", "UnitTestProject1\UnitTestProject1.csproj", "{F9B9C429-956C-46C1-9E27-F5CEFD262769}"
EndProject
Global
	GlobalSection(SolutionConfigurationPlatforms) = preSolution
		Debug|Any CPU = Debug|Any CPU
		Release|Any CPU = Release|Any CPU
	EndGlobalSection
	GlobalSection(ProjectConfigurationPlatforms) = postSolution
		{F9BFA0E3-94D1-4E8F-9060-A7E981FB7365}.Debug|Any CPU.ActiveCfg = Debug|Any CPU
		{F9BFA0E3-94D1-4E8F-9060-A7E981FB7365}.Debug|Any CPU.Build.0 = Debug|Any CPU
		{F9BFA0E3-94D1-4E8F-9060-A7E981FB7365}.Release|Any CPU.ActiveCfg = Release|Any CPU
		{F9BFA0E3-94D1-4E8F-9060-A7E981FB7365}.Release|Any CPU.Build.0 = Release|Any CPU
		{F9B9C429-956C-46C1-9E27-F5CEFD262769}.Debug|Any CPU.ActiveCfg = Debug|Any CPU
		{F9B9C429-956C-46C1-9E27-F5CEFD262769}.Debug|Any CPU.Build.0 = Debug|Any CPU
		{F9B9C429-956C-46C1-9E27-F5CEFD262769}.Release|Any CPU.ActiveCfg = Release|Any CPU
		{F9B9C429-956C-46C1-9E27-F5CEFD262769}.Release|Any CPU.Build.0 = Release|Any CPU
	EndGlobalSection
	GlobalSection(SolutionProperties) = preSolution
		HideSolutionNode = FALSE
	EndGlobalSection
	GlobalSection(ExtensibilityGlobals) = postSolution
		SolutionGuid = {5192F4D0-3854-4578-A20B-4BA813825B3F}
	EndGlobalSection
EndGlobal
