
Microsoft Visual Studio Solution File, Format Version 12.00
# Visual Studio Version 17
VisualStudioVersion = 17.7.34009.444
MinimumVisualStudioVersion = 10.0.40219.1
Project("{FAE04EC0-301F-11D3-BF4B-00C04F79EFBC}") = "Session1", "Session1\Session1.csproj", "{741ADD4C-3075-4A01-A874-D701D9CC437B}"
EndProject
Project("{FAE04EC0-301F-11D3-BF4B-00C04F79EFBC}") = "UnitTestProject1", "UnitTestProject1\UnitTestProject1.csproj", "{7966F451-E556-4E37-A55E-23F6E65E554F}"
EndProject
Global
	GlobalSection(SolutionConfigurationPlatforms) = preSolution
		Debug|Any CPU = Debug|Any CPU
		Release|Any CPU = Release|Any CPU
	EndGlobalSection
	GlobalSection(ProjectConfigurationPlatforms) = postSolution
		{741ADD4C-3075-4A01-A874-D701D9CC437B}.Debug|Any CPU.ActiveCfg = Debug|Any CPU
		{741ADD4C-3075-4A01-A874-D701D9CC437B}.Debug|Any CPU.Build.0 = Debug|Any CPU
		{741ADD4C-3075-4A01-A874-D701D9CC437B}.Release|Any CPU.ActiveCfg = Release|Any CPU
		{741ADD4C-3075-4A01-A874-D701D9CC437B}.Release|Any CPU.Build.0 = Release|Any CPU
		{7966F451-E556-4E37-A55E-23F6E65E554F}.Debug|Any CPU.ActiveCfg = Debug|Any CPU
		{7966F451-E556-4E37-A55E-23F6E65E554F}.Debug|Any CPU.Build.0 = Debug|Any CPU
		{7966F451-E556-4E37-A55E-23F6E65E554F}.Release|Any CPU.ActiveCfg = Release|Any CPU
		{7966F451-E556-4E37-A55E-23F6E65E554F}.Release|Any CPU.Build.0 = Release|Any CPU
	EndGlobalSection
	GlobalSection(SolutionProperties) = preSolution
		HideSolutionNode = FALSE
	EndGlobalSection
	GlobalSection(ExtensibilityGlobals) = postSolution
		SolutionGuid = {5E8465EA-2F09-4AD3-B8D1-6861F9F1FB8F}
	EndGlobalSection
EndGlobal
