
Microsoft Visual Studio Solution File, Format Version 12.00
# Visual Studio Version 17
VisualStudioVersion = 17.7.34009.444
MinimumVisualStudioVersion = 10.0.40219.1
Project("{FAE04EC0-301F-11D3-BF4B-00C04F79EFBC}") = "100-p4-1", "100-p4-1\100-p4-1.csproj", "{EB1B7975-2568-4F18-BF93-2E0AFAAD0FFF}"
EndProject
Global
	GlobalSection(SolutionConfigurationPlatforms) = preSolution
		Debug|Any CPU = Debug|Any CPU
		Release|Any CPU = Release|Any CPU
	EndGlobalSection
	GlobalSection(ProjectConfigurationPlatforms) = postSolution
		{EB1B7975-2568-4F18-BF93-2E0AFAAD0FFF}.Debug|Any CPU.ActiveCfg = Debug|Any CPU
		{EB1B7975-2568-4F18-BF93-2E0AFAAD0FFF}.Debug|Any CPU.Build.0 = Debug|Any CPU
		{EB1B7975-2568-4F18-BF93-2E0AFAAD0FFF}.Release|Any CPU.ActiveCfg = Release|Any CPU
		{EB1B7975-2568-4F18-BF93-2E0AFAAD0FFF}.Release|Any CPU.Build.0 = Release|Any CPU
	EndGlobalSection
	GlobalSection(SolutionProperties) = preSolution
		HideSolutionNode = FALSE
	EndGlobalSection
	GlobalSection(ExtensibilityGlobals) = postSolution
		SolutionGuid = {918AC01A-539F-4646-8F55-AB81EAE6E66B}
	EndGlobalSection
EndGlobal
